
Microsoft Visual Studio Solution File, Format Version 12.00
# Visual Studio Version 17
VisualStudioVersion = 17.5.33424.131
MinimumVisualStudioVersion = 10.0.40219.1
Project("{9A19103F-16F7-4668-BE54-9A1E7A4F7556}") = "Mercadona.Backend", "Mercadona.Backend.csproj", "{06BBE547-6096-4D45-97FE-4E04BF452574}"
EndProject
Project("{FAE04EC0-301F-11D3-BF4B-00C04F79EFBC}") = "Mercadona.Tests", "..\Mercadona.Tests\Mercadona.Tests.csproj", "{511BCACD-8164-4B71-B1DB-A8737DDBA316}"
EndProject
Global
	GlobalSection(SolutionConfigurationPlatforms) = preSolution
		Debug|Any CPU = Debug|Any CPU
		Release|Any CPU = Release|Any CPU
	EndGlobalSection
	GlobalSection(ProjectConfigurationPlatforms) = postSolution
		{06BBE547-6096-4D45-97FE-4E04BF452574}.Debug|Any CPU.ActiveCfg = Debug|Any CPU
		{06BBE547-6096-4D45-97FE-4E04BF452574}.Debug|Any CPU.Build.0 = Debug|Any CPU
		{06BBE547-6096-4D45-97FE-4E04BF452574}.Release|Any CPU.ActiveCfg = Release|Any CPU
		{06BBE547-6096-4D45-97FE-4E04BF452574}.Release|Any CPU.Build.0 = Release|Any CPU
		{511BCACD-8164-4B71-B1DB-A8737DDBA316}.Debug|Any CPU.ActiveCfg = Debug|Any CPU
		{511BCACD-8164-4B71-B1DB-A8737DDBA316}.Debug|Any CPU.Build.0 = Debug|Any CPU
		{511BCACD-8164-4B71-B1DB-A8737DDBA316}.Release|Any CPU.ActiveCfg = Release|Any CPU
		{511BCACD-8164-4B71-B1DB-A8737DDBA316}.Release|Any CPU.Build.0 = Release|Any CPU
	EndGlobalSection
	GlobalSection(SolutionProperties) = preSolution
		HideSolutionNode = FALSE
	EndGlobalSection
	GlobalSection(ExtensibilityGlobals) = postSolution
		SolutionGuid = {1A51959D-D751-4883-BD88-3B18858892A2}
	EndGlobalSection
EndGlobal
